
Microsoft Visual Studio Solution File, Format Version 12.00
# Visual Studio 14
VisualStudioVersion = 14.0.25420.1
MinimumVisualStudioVersion = 10.0.40219.1
Project("{FAE04EC0-301F-11D3-BF4B-00C04F79EFBC}") = "softwareTesting2017", "softwareTesting2017\softwareTesting2017.csproj", "{BD07A806-5989-446A-ACC4-77477454B822}"
EndProject
Project("{FAE04EC0-301F-11D3-BF4B-00C04F79EFBC}") = "softwareTesting2017Tests", "softwareTesting2017Tests\softwareTesting2017Tests.csproj", "{337CCC14-7872-45CC-81EF-610431A0A695}"
EndProject
Global
	GlobalSection(SolutionConfigurationPlatforms) = preSolution
		Debug|Any CPU = Debug|Any CPU
		Release|Any CPU = Release|Any CPU
	EndGlobalSection
	GlobalSection(ProjectConfigurationPlatforms) = postSolution
		{BD07A806-5989-446A-ACC4-77477454B822}.Debug|Any CPU.ActiveCfg = Debug|Any CPU
		{BD07A806-5989-446A-ACC4-77477454B822}.Debug|Any CPU.Build.0 = Debug|Any CPU
		{BD07A806-5989-446A-ACC4-77477454B822}.Release|Any CPU.ActiveCfg = Release|Any CPU
		{BD07A806-5989-446A-ACC4-77477454B822}.Release|Any CPU.Build.0 = Release|Any CPU
		{337CCC14-7872-45CC-81EF-610431A0A695}.Debug|Any CPU.ActiveCfg = Debug|Any CPU
		{337CCC14-7872-45CC-81EF-610431A0A695}.Debug|Any CPU.Build.0 = Debug|Any CPU
		{337CCC14-7872-45CC-81EF-610431A0A695}.Release|Any CPU.ActiveCfg = Release|Any CPU
		{337CCC14-7872-45CC-81EF-610431A0A695}.Release|Any CPU.Build.0 = Release|Any CPU
	EndGlobalSection
	GlobalSection(SolutionProperties) = preSolution
		HideSolutionNode = FALSE
	EndGlobalSection
EndGlobal
